# THIS IS AN AUTOGENERATED FILE. DO NOT EDIT THIS FILE DIRECTLY.
# yarn lockfile v1


javascript-time-ago@^2.3.4:
  version "2.3.4"
  resolved "https://registry.yarnpkg.com/javascript-time-ago/-/javascript-time-ago-2.3.4.tgz#811f203df7998283f4d55305677b40b6e7742779"
  integrity sha512-Tmy9C4MBGtC19AYhV8updznKqtiRSwJHIbDMeypsy3F0vxqgX5ytln4jwXRLVh82WW6ig4VGegi/Qhykpr4YQw==
  dependencies:
    relative-time-format "^1.0.5"

relative-time-format@^1.0.5:
  version "1.0.5"
  resolved "https://registry.yarnpkg.com/relative-time-format/-/relative-time-format-1.0.5.tgz#3fb7c76ae39156afe0a3a7ff0cb7bf30aa0f0fb6"
  integrity sha512-MAgx/YKcUQYJpIaWcfetPstElnWf26JxVis4PirdwVrrymFdbxyCSm6yENpfB1YuwFbtHSHksN3aBajVNxk10Q==
